
Microsoft Visual Studio Solution File, Format Version 12.00
# Visual Studio Version 17
VisualStudioVersion = 17.11.35312.102
MinimumVisualStudioVersion = 10.0.40219.1
Project("{2150E333-8FDC-42A3-9474-1A3956D46DE8}") = "src", "src", "{E12EC753-8605-4EFB-B530-D43853C0D644}"
EndProject
Project("{2150E333-8FDC-42A3-9474-1A3956D46DE8}") = "tests", "tests", "{BC5A2D64-2A8C-45EF-A03D-7F144270193F}"
EndProject
Project("{FAE04EC0-301F-11D3-BF4B-00C04F79EFBC}") = "Datashi.Api", "src\Datashi.Api\Datashi.Api.csproj", "{58100FD7-DF46-4B1B-AE06-1D5A8159CB37}"
EndProject
Global
	GlobalSection(SolutionConfigurationPlatforms) = preSolution
		Debug|Any CPU = Debug|Any CPU
		Release|Any CPU = Release|Any CPU
	EndGlobalSection
	GlobalSection(ProjectConfigurationPlatforms) = postSolution
		{58100FD7-DF46-4B1B-AE06-1D5A8159CB37}.Debug|Any CPU.ActiveCfg = Debug|Any CPU
		{58100FD7-DF46-4B1B-AE06-1D5A8159CB37}.Debug|Any CPU.Build.0 = Debug|Any CPU
		{58100FD7-DF46-4B1B-AE06-1D5A8159CB37}.Release|Any CPU.ActiveCfg = Release|Any CPU
		{58100FD7-DF46-4B1B-AE06-1D5A8159CB37}.Release|Any CPU.Build.0 = Release|Any CPU
	EndGlobalSection
	GlobalSection(SolutionProperties) = preSolution
		HideSolutionNode = FALSE
	EndGlobalSection
	GlobalSection(NestedProjects) = preSolution
		{58100FD7-DF46-4B1B-AE06-1D5A8159CB37} = {E12EC753-8605-4EFB-B530-D43853C0D644}
	EndGlobalSection
	GlobalSection(ExtensibilityGlobals) = postSolution
		SolutionGuid = {D2BE0047-9460-41A1-840A-9113324401C0}
	EndGlobalSection
EndGlobal
